
Microsoft Visual Studio Solution File, Format Version 12.00
# Visual Studio 15
VisualStudioVersion = 15.0.28010.2019
MinimumVisualStudioVersion = 10.0.40219.1
Project("{FAE04EC0-301F-11D3-BF4B-00C04F79EFBC}") = "Your-Dudes", "Your-Dudes\Your-Dudes.csproj", "{EEEB32AC-51A6-420A-A8FC-E9A3FF0738DE}"
EndProject
Global
	GlobalSection(SolutionConfigurationPlatforms) = preSolution
		Debug|Any CPU = Debug|Any CPU
		Release|Any CPU = Release|Any CPU
	EndGlobalSection
	GlobalSection(ProjectConfigurationPlatforms) = postSolution
		{EEEB32AC-51A6-420A-A8FC-E9A3FF0738DE}.Debug|Any CPU.ActiveCfg = Debug|Any CPU
		{EEEB32AC-51A6-420A-A8FC-E9A3FF0738DE}.Debug|Any CPU.Build.0 = Debug|Any CPU
		{EEEB32AC-51A6-420A-A8FC-E9A3FF0738DE}.Release|Any CPU.ActiveCfg = Release|Any CPU
		{EEEB32AC-51A6-420A-A8FC-E9A3FF0738DE}.Release|Any CPU.Build.0 = Release|Any CPU
	EndGlobalSection
	GlobalSection(SolutionProperties) = preSolution
		HideSolutionNode = FALSE
	EndGlobalSection
	GlobalSection(ExtensibilityGlobals) = postSolution
		SolutionGuid = {9D0B71C8-22E3-4601-853D-9287C279E3E5}
	EndGlobalSection
EndGlobal
